
Microsoft Visual Studio Solution File, Format Version 12.00
# Visual Studio Version 17
VisualStudioVersion = 17.4.33110.190
MinimumVisualStudioVersion = 10.0.40219.1
Project("{FAE04EC0-301F-11D3-BF4B-00C04F79EFBC}") = "1038", "1038\1038.csproj", "{A171392B-403A-47DC-B3C1-16392FBC38A6}"
EndProject
Global
	GlobalSection(SolutionConfigurationPlatforms) = preSolution
		Debug|Any CPU = Debug|Any CPU
		Release|Any CPU = Release|Any CPU
	EndGlobalSection
	GlobalSection(ProjectConfigurationPlatforms) = postSolution
		{A171392B-403A-47DC-B3C1-16392FBC38A6}.Debug|Any CPU.ActiveCfg = Debug|Any CPU
		{A171392B-403A-47DC-B3C1-16392FBC38A6}.Debug|Any CPU.Build.0 = Debug|Any CPU
		{A171392B-403A-47DC-B3C1-16392FBC38A6}.Release|Any CPU.ActiveCfg = Release|Any CPU
		{A171392B-403A-47DC-B3C1-16392FBC38A6}.Release|Any CPU.Build.0 = Release|Any CPU
	EndGlobalSection
	GlobalSection(SolutionProperties) = preSolution
		HideSolutionNode = FALSE
	EndGlobalSection
	GlobalSection(ExtensibilityGlobals) = postSolution
		SolutionGuid = {A2C68032-3B48-40F1-9926-59D4508EF145}
	EndGlobalSection
EndGlobal
